
Microsoft Visual Studio Solution File, Format Version 12.00
# Visual Studio Version 16
VisualStudioVersion = 16.0.29230.47
MinimumVisualStudioVersion = 10.0.40219.1
Project("{9A19103F-16F7-4668-BE54-9A1E7A4F7556}") = "Comment.React", "Comment.React\Comment.React.csproj", "{2CAAD5AC-0E25-46B1-AE3C-8013C5B54D26}"
EndProject
Project("{9A19103F-16F7-4668-BE54-9A1E7A4F7556}") = "Comment.Service", "Comment.Service\Comment.Service.csproj", "{4106AB53-0788-4A33-9753-EBE3878949BD}"
EndProject
Project("{9A19103F-16F7-4668-BE54-9A1E7A4F7556}") = "Comment.Data", "Comment.Data\Comment.Data.csproj", "{B639BEA6-2A6F-4662-A91F-E077D22B9BA2}"
EndProject
Project("{FAE04EC0-301F-11D3-BF4B-00C04F79EFBC}") = "Comment.Model", "Comment.Model\Comment.Model.csproj", "{FC2A2B3E-55EE-47B1-B749-A59FE8ECEFE7}"
EndProject
Global
	GlobalSection(SolutionConfigurationPlatforms) = preSolution
		Debug|Any CPU = Debug|Any CPU
		Release|Any CPU = Release|Any CPU
	EndGlobalSection
	GlobalSection(ProjectConfigurationPlatforms) = postSolution
		{2CAAD5AC-0E25-46B1-AE3C-8013C5B54D26}.Debug|Any CPU.ActiveCfg = Debug|Any CPU
		{2CAAD5AC-0E25-46B1-AE3C-8013C5B54D26}.Debug|Any CPU.Build.0 = Debug|Any CPU
		{2CAAD5AC-0E25-46B1-AE3C-8013C5B54D26}.Release|Any CPU.ActiveCfg = Release|Any CPU
		{2CAAD5AC-0E25-46B1-AE3C-8013C5B54D26}.Release|Any CPU.Build.0 = Release|Any CPU
		{4106AB53-0788-4A33-9753-EBE3878949BD}.Debug|Any CPU.ActiveCfg = Debug|Any CPU
		{4106AB53-0788-4A33-9753-EBE3878949BD}.Debug|Any CPU.Build.0 = Debug|Any CPU
		{4106AB53-0788-4A33-9753-EBE3878949BD}.Release|Any CPU.ActiveCfg = Release|Any CPU
		{4106AB53-0788-4A33-9753-EBE3878949BD}.Release|Any CPU.Build.0 = Release|Any CPU
		{B639BEA6-2A6F-4662-A91F-E077D22B9BA2}.Debug|Any CPU.ActiveCfg = Debug|Any CPU
		{B639BEA6-2A6F-4662-A91F-E077D22B9BA2}.Debug|Any CPU.Build.0 = Debug|Any CPU
		{B639BEA6-2A6F-4662-A91F-E077D22B9BA2}.Release|Any CPU.ActiveCfg = Release|Any CPU
		{B639BEA6-2A6F-4662-A91F-E077D22B9BA2}.Release|Any CPU.Build.0 = Release|Any CPU
		{FC2A2B3E-55EE-47B1-B749-A59FE8ECEFE7}.Debug|Any CPU.ActiveCfg = Debug|Any CPU
		{FC2A2B3E-55EE-47B1-B749-A59FE8ECEFE7}.Debug|Any CPU.Build.0 = Debug|Any CPU
		{FC2A2B3E-55EE-47B1-B749-A59FE8ECEFE7}.Release|Any CPU.ActiveCfg = Release|Any CPU
		{FC2A2B3E-55EE-47B1-B749-A59FE8ECEFE7}.Release|Any CPU.Build.0 = Release|Any CPU
	EndGlobalSection
	GlobalSection(SolutionProperties) = preSolution
		HideSolutionNode = FALSE
	EndGlobalSection
	GlobalSection(ExtensibilityGlobals) = postSolution
		SolutionGuid = {BA94280F-5B91-476B-8C82-85B1DD24707F}
	EndGlobalSection
EndGlobal
